// !$*UTF8*$!
{
	archiveVersion = 1;
	classes = {
	};
	objectVersion = 55;
	objects = {

/* Begin PBXBuildFile section */
		A016DD91287B9EB4003DF6D2 /* DBManager.swift in Sources */ = {isa = PBXBuildFile; fileRef = A016DD90287B9EB4003DF6D2 /* DBManager.swift */; };
		A0E6D3DC2877A836006AB9C3 /* AppDelegate.swift in Sources */ = {isa = PBXBuildFile; fileRef = A0E6D3DB2877A836006AB9C3 /* AppDelegate.swift */; };
		A0E6D3DE2877A836006AB9C3 /* SceneDelegate.swift in Sources */ = {isa = PBXBuildFile; fileRef = A0E6D3DD2877A836006AB9C3 /* SceneDelegate.swift */; };
		A0E6D3E02877A836006AB9C3 /* HomeViewController.swift in Sources */ = {isa = PBXBuildFile; fileRef = A0E6D3DF2877A836006AB9C3 /* HomeViewController.swift */; };
		A0E6D3E32877A836006AB9C3 /* Main.storyboard in Resources */ = {isa = PBXBuildFile; fileRef = A0E6D3E12877A836006AB9C3 /* Main.storyboard */; };
		A0E6D3E52877A838006AB9C3 /* Assets.xcassets in Resources */ = {isa = PBXBuildFile; fileRef = A0E6D3E42877A838006AB9C3 /* Assets.xcassets */; };
		A0E6D3E82877A838006AB9C3 /* LaunchScreen.storyboard in Resources */ = {isa = PBXBuildFile; fileRef = A0E6D3E62877A838006AB9C3 /* LaunchScreen.storyboard */; };
		A0E6D3F02877AA01006AB9C3 /* GoogleService-Info.plist in Resources */ = {isa = PBXBuildFile; fileRef = A0E6D3EF2877AA01006AB9C3 /* GoogleService-Info.plist */; };
		A0E6D3F2287B0B29006AB9C3 /* SigninViewController.swift in Sources */ = {isa = PBXBuildFile; fileRef = A0E6D3F1287B0B29006AB9C3 /* SigninViewController.swift */; };
		A0E6D3F4287B0B3B006AB9C3 /* SignupViewController.swift in Sources */ = {isa = PBXBuildFile; fileRef = A0E6D3F3287B0B3B006AB9C3 /* SignupViewController.swift */; };
		A0E6D3F6287B0B94006AB9C3 /* ProfileViewController.swift in Sources */ = {isa = PBXBuildFile; fileRef = A0E6D3F5287B0B94006AB9C3 /* ProfileViewController.swift */; };
		A0E6D3FA287B1712006AB9C3 /* Extensions.swift in Sources */ = {isa = PBXBuildFile; fileRef = A0E6D3F9287B1712006AB9C3 /* Extensions.swift */; };
		DA984D0AA82CF6D978158748 /* Pods_Dish.framework in Frameworks */ = {isa = PBXBuildFile; fileRef = 81F94BA47EBB566B15F8F85C /* Pods_Dish.framework */; };
/* End PBXBuildFile section */

/* Begin PBXFileReference section */
		09E121423DB4E35934288309 /* Pods-Dish.release.xcconfig */ = {isa = PBXFileReference; includeInIndex = 1; lastKnownFileType = text.xcconfig; name = "Pods-Dish.release.xcconfig"; path = "Target Support Files/Pods-Dish/Pods-Dish.release.xcconfig"; sourceTree = "<group>"; };
		81F94BA47EBB566B15F8F85C /* Pods_Dish.framework */ = {isa = PBXFileReference; explicitFileType = wrapper.framework; includeInIndex = 0; path = Pods_Dish.framework; sourceTree = BUILT_PRODUCTS_DIR; };
		8AFCB435BF0D367F133A43B4 /* Pods-Dish.debug.xcconfig */ = {isa = PBXFileReference; includeInIndex = 1; lastKnownFileType = text.xcconfig; name = "Pods-Dish.debug.xcconfig"; path = "Target Support Files/Pods-Dish/Pods-Dish.debug.xcconfig"; sourceTree = "<group>"; };
		A016DD90287B9EB4003DF6D2 /* DBManager.swift */ = {isa = PBXFileReference; lastKnownFileType = sourcecode.swift; path = DBManager.swift; sourceTree = "<group>"; };
		A0E6D3D82877A836006AB9C3 /* Dish.app */ = {isa = PBXFileReference; explicitFileType = wrapper.application; includeInIndex = 0; path = Dish.app; sourceTree = BUILT_PRODUCTS_DIR; };
		A0E6D3DB2877A836006AB9C3 /* AppDelegate.swift */ = {isa = PBXFileReference; lastKnownFileType = sourcecode.swift; path = AppDelegate.swift; sourceTree = "<group>"; };
		A0E6D3DD2877A836006AB9C3 /* SceneDelegate.swift */ = {isa = PBXFileReference; lastKnownFileType = sourcecode.swift; path = SceneDelegate.swift; sourceTree = "<group>"; };
		A0E6D3DF2877A836006AB9C3 /* HomeViewController.swift */ = {isa = PBXFileReference; lastKnownFileType = sourcecode.swift; path = HomeViewController.swift; sourceTree = "<group>"; };
		A0E6D3E22877A836006AB9C3 /* Base */ = {isa = PBXFileReference; lastKnownFileType = file.storyboard; name = Base; path = Base.lproj/Main.storyboard; sourceTree = "<group>"; };
		A0E6D3E42877A838006AB9C3 /* Assets.xcassets */ = {isa = PBXFileReference; lastKnownFileType = folder.assetcatalog; path = Assets.xcassets; sourceTree = "<group>"; };
		A0E6D3E72877A838006AB9C3 /* Base */ = {isa = PBXFileReference; lastKnownFileType = file.storyboard; name = Base; path = Base.lproj/LaunchScreen.storyboard; sourceTree = "<group>"; };
		A0E6D3E92877A838006AB9C3 /* Info.plist */ = {isa = PBXFileReference; lastKnownFileType = text.plist.xml; path = Info.plist; sourceTree = "<group>"; };
		A0E6D3EF2877AA01006AB9C3 /* GoogleService-Info.plist */ = {isa = PBXFileReference; fileEncoding = 4; lastKnownFileType = text.plist.xml; path = "GoogleService-Info.plist"; sourceTree = "<group>"; };
		A0E6D3F1287B0B29006AB9C3 /* SigninViewController.swift */ = {isa = PBXFileReference; lastKnownFileType = sourcecode.swift; path = SigninViewController.swift; sourceTree = "<group>"; };
		A0E6D3F3287B0B3B006AB9C3 /* SignupViewController.swift */ = {isa = PBXFileReference; lastKnownFileType = sourcecode.swift; path = SignupViewController.swift; sourceTree = "<group>"; };
		A0E6D3F5287B0B94006AB9C3 /* ProfileViewController.swift */ = {isa = PBXFileReference; lastKnownFileType = sourcecode.swift; path = ProfileViewController.swift; sourceTree = "<group>"; };
		A0E6D3F9287B1712006AB9C3 /* Extensions.swift */ = {isa = PBXFileReference; lastKnownFileType = sourcecode.swift; path = Extensions.swift; sourceTree = "<group>"; };
/* End PBXFileReference section */

/* Begin PBXFrameworksBuildPhase section */
		A0E6D3D52877A836006AB9C3 /* Frameworks */ = {
			isa = PBXFrameworksBuildPhase;
			buildActionMask = 2147483647;
			files = (
				DA984D0AA82CF6D978158748 /* Pods_Dish.framework in Frameworks */,
			);
			runOnlyForDeploymentPostprocessing = 0;
		};
/* End PBXFrameworksBuildPhase section */

/* Begin PBXGroup section */
		99295A1CF2B3AAFD24414354 /* Frameworks */ = {
			isa = PBXGroup;
			children = (
				81F94BA47EBB566B15F8F85C /* Pods_Dish.framework */,
			);
			name = Frameworks;
			sourceTree = "<group>";
		};
		A0E6D3CF2877A836006AB9C3 = {
			isa = PBXGroup;
			children = (
				A0E6D3DA2877A836006AB9C3 /* Dish */,
				A0E6D3D92877A836006AB9C3 /* Products */,
				C28A1C4A17AAFB8ACD217FE5 /* Pods */,
				99295A1CF2B3AAFD24414354 /* Frameworks */,
			);
			sourceTree = "<group>";
		};
		A0E6D3D92877A836006AB9C3 /* Products */ = {
			isa = PBXGroup;
			children = (
				A0E6D3D82877A836006AB9C3 /* Dish.app */,
			);
			name = Products;
			sourceTree = "<group>";
		};
		A0E6D3DA2877A836006AB9C3 /* Dish */ = {
			isa = PBXGroup;
			children = (
				A0E6D3EF2877AA01006AB9C3 /* GoogleService-Info.plist */,
				A0E6D3F7287B0C89006AB9C3 /* Controllers */,
				A0E6D3DB2877A836006AB9C3 /* AppDelegate.swift */,
				A0E6D3DD2877A836006AB9C3 /* SceneDelegate.swift */,
				A0E6D3F9287B1712006AB9C3 /* Extensions.swift */,
				A0E6D3E12877A836006AB9C3 /* Main.storyboard */,
				A0E6D3E42877A838006AB9C3 /* Assets.xcassets */,
				A0E6D3E62877A838006AB9C3 /* LaunchScreen.storyboard */,
				A0E6D3E92877A838006AB9C3 /* Info.plist */,
				A016DD90287B9EB4003DF6D2 /* DBManager.swift */,
			);
			path = Dish;
			sourceTree = "<group>";
		};
		A0E6D3F7287B0C89006AB9C3 /* Controllers */ = {
			isa = PBXGroup;
			children = (
				A0E6D3F8287B0CD7006AB9C3 /* SignIn-Up */,
				A0E6D3DF2877A836006AB9C3 /* HomeViewController.swift */,
				A0E6D3F5287B0B94006AB9C3 /* ProfileViewController.swift */,
			);
			path = Controllers;
			sourceTree = "<group>";
		};
		A0E6D3F8287B0CD7006AB9C3 /* SignIn-Up */ = {
			isa = PBXGroup;
			children = (
				A0E6D3F1287B0B29006AB9C3 /* SigninViewController.swift */,
				A0E6D3F3287B0B3B006AB9C3 /* SignupViewController.swift */,
			);
			path = "SignIn-Up";
			sourceTree = "<group>";
		};
		C28A1C4A17AAFB8ACD217FE5 /* Pods */ = {
			isa = PBXGroup;
			children = (
				8AFCB435BF0D367F133A43B4 /* Pods-Dish.debug.xcconfig */,
				09E121423DB4E35934288309 /* Pods-Dish.release.xcconfig */,
			);
			path = Pods;
			sourceTree = "<group>";
		};
/* End PBXGroup section */

/* Begin PBXNativeTarget section */
		A0E6D3D72877A836006AB9C3 /* Dish */ = {
			isa = PBXNativeTarget;
			buildConfigurationList = A0E6D3EC2877A838006AB9C3 /* Build configuration list for PBXNativeTarget "Dish" */;
			buildPhases = (
				49CD4A80F4EBCD06399DCEAB /* [CP] Check Pods Manifest.lock */,
				A0E6D3D42877A836006AB9C3 /* Sources */,
				A0E6D3D52877A836006AB9C3 /* Frameworks */,
				A0E6D3D62877A836006AB9C3 /* Resources */,
				22FC05351D7F8349894C0CCF /* [CP] Embed Pods Frameworks */,
			);
			buildRules = (
			);
			dependencies = (
			);
			name = Dish;
			productName = Dish;
			productReference = A0E6D3D82877A836006AB9C3 /* Dish.app */;
			productType = "com.apple.product-type.application";
		};
/* End PBXNativeTarget section */

/* Begin PBXProject section */
		A0E6D3D02877A836006AB9C3 /* Project object */ = {
			isa = PBXProject;
			attributes = {
				BuildIndependentTargetsInParallel = 1;
				LastSwiftUpdateCheck = 1330;
				LastUpgradeCheck = 1330;
				TargetAttributes = {
					A0E6D3D72877A836006AB9C3 = {
						CreatedOnToolsVersion = 13.3.1;
					};
				};
			};
			buildConfigurationList = A0E6D3D32877A836006AB9C3 /* Build configuration list for PBXProject "Dish" */;
			compatibilityVersion = "Xcode 13.0";
			developmentRegion = en;
			hasScannedForEncodings = 0;
			knownRegions = (
				en,
				Base,
			);
			mainGroup = A0E6D3CF2877A836006AB9C3;
			productRefGroup = A0E6D3D92877A836006AB9C3 /* Products */;
			projectDirPath = "";
			projectRoot = "";
			targets = (
				A0E6D3D72877A836006AB9C3 /* Dish */,
			);
		};
/* End PBXProject section */

/* Begin PBXResourcesBuildPhase section */
		A0E6D3D62877A836006AB9C3 /* Resources */ = {
			isa = PBXResourcesBuildPhase;
			buildActionMask = 2147483647;
			files = (
				A0E6D3E82877A838006AB9C3 /* LaunchScreen.storyboard in Resources */,
				A0E6D3E52877A838006AB9C3 /* Assets.xcassets in Resources */,
				A0E6D3F02877AA01006AB9C3 /* GoogleService-Info.plist in Resources */,
				A0E6D3E32877A836006AB9C3 /* Main.storyboard in Resources */,
			);
			runOnlyForDeploymentPostprocessing = 0;
		};
/* End PBXResourcesBuildPhase section */

/* Begin PBXShellScriptBuildPhase section */
		22FC05351D7F8349894C0CCF /* [CP] Embed Pods Frameworks */ = {
			isa = PBXShellScriptBuildPhase;
			buildActionMask = 2147483647;
			files = (
			);
			inputFileListPaths = (
				"${PODS_ROOT}/Target Support Files/Pods-Dish/Pods-Dish-frameworks-${CONFIGURATION}-input-files.xcfilelist",
			);
			name = "[CP] Embed Pods Frameworks";
			outputFileListPaths = (
				"${PODS_ROOT}/Target Support Files/Pods-Dish/Pods-Dish-frameworks-${CONFIGURATION}-output-files.xcfilelist",
			);
			runOnlyForDeploymentPostprocessing = 0;
			shellPath = /bin/sh;
			shellScript = "\"${PODS_ROOT}/Target Support Files/Pods-Dish/Pods-Dish-frameworks.sh\"\n";
			showEnvVarsInLog = 0;
		};
		49CD4A80F4EBCD06399DCEAB /* [CP] Check Pods Manifest.lock */ = {
			isa = PBXShellScriptBuildPhase;
			buildActionMask = 2147483647;
			files = (
			);
			inputFileListPaths = (
			);
			inputPaths = (
				"${PODS_PODFILE_DIR_PATH}/Podfile.lock",
				"${PODS_ROOT}/Manifest.lock",
			);
			name = "[CP] Check Pods Manifest.lock";
			outputFileListPaths = (
			);
			outputPaths = (
				"$(DERIVED_FILE_DIR)/Pods-Dish-checkManifestLockResult.txt",
			);
			runOnlyForDeploymentPostprocessing = 0;
			shellPath = /bin/sh;
			shellScript = "diff \"${PODS_PODFILE_DIR_PATH}/Podfile.lock\" \"${PODS_ROOT}/Manifest.lock\" > /dev/null\nif [ $? != 0 ] ; then\n    # print error to STDERR\n    echo \"error: The sandbox is not in sync with the Podfile.lock. Run 'pod install' or update your CocoaPods installation.\" >&2\n    exit 1\nfi\n# This output is used by Xcode 'outputs' to avoid re-running this script phase.\necho \"SUCCESS\" > \"${SCRIPT_OUTPUT_FILE_0}\"\n";
			showEnvVarsInLog = 0;
		};
/* End PBXShellScriptBuildPhase section */

/* Begin PBXSourcesBuildPhase section */
		A0E6D3D42877A836006AB9C3 /* Sources */ = {
			isa = PBXSourcesBuildPhase;
			buildActionMask = 2147483647;
			files = (
				A0E6D3F6287B0B94006AB9C3 /* ProfileViewController.swift in Sources */,
				A0E6D3F4287B0B3B006AB9C3 /* SignupViewController.swift in Sources */,
				A0E6D3F2287B0B29006AB9C3 /* SigninViewController.swift in Sources */,
				A016DD91287B9EB4003DF6D2 /* DBManager.swift in Sources */,
				A0E6D3E02877A836006AB9C3 /* HomeViewController.swift in Sources */,
				A0E6D3DC2877A836006AB9C3 /* AppDelegate.swift in Sources */,
				A0E6D3DE2877A836006AB9C3 /* SceneDelegate.swift in Sources */,
				A0E6D3FA287B1712006AB9C3 /* Extensions.swift in Sources */,
			);
			runOnlyForDeploymentPostprocessing = 0;
		};
/* End PBXSourcesBuildPhase section */

/* Begin PBXVariantGroup section */
		A0E6D3E12877A836006AB9C3 /* Main.storyboard */ = {
			isa = PBXVariantGroup;
			children = (
				A0E6D3E22877A836006AB9C3 /* Base */,
			);
			name = Main.storyboard;
			sourceTree = "<group>";
		};
		A0E6D3E62877A838006AB9C3 /* LaunchScreen.storyboard */ = {
			isa = PBXVariantGroup;
			children = (
				A0E6D3E72877A838006AB9C3 /* Base */,
			);
			name = LaunchScreen.storyboard;
			sourceTree = "<group>";
		};
/* End PBXVariantGroup section */

/* Begin XCBuildConfiguration section */
		A0E6D3EA2877A838006AB9C3 /* Debug */ = {
			isa = XCBuildConfiguration;
			buildSettings = {
				ALWAYS_SEARCH_USER_PATHS = NO;
				CLANG_ANALYZER_NONNULL = YES;
				CLANG_ANALYZER_NUMBER_OBJECT_CONVERSION = YES_AGGRESSIVE;
				CLANG_CXX_LANGUAGE_STANDARD = "gnu++17";
				CLANG_ENABLE_MODULES = YES;
				CLANG_ENABLE_OBJC_ARC = YES;
				CLANG_ENABLE_OBJC_WEAK = YES;
				CLANG_WARN_BLOCK_CAPTURE_AUTORELEASING = YES;
				CLANG_WARN_BOOL_CONVERSION = YES;
				CLANG_WARN_COMMA = YES;
				CLANG_WARN_CONSTANT_CONVERSION = YES;
				CLANG_WARN_DEPRECATED_OBJC_IMPLEMENTATIONS = YES;
				CLANG_WARN_DIRECT_OBJC_ISA_USAGE = YES_ERROR;
				CLANG_WARN_DOCUMENTATION_COMMENTS = YES;
				CLANG_WARN_EMPTY_BODY = YES;
				CLANG_WARN_ENUM_CONVERSION = YES;
				CLANG_WARN_INFINITE_RECURSION = YES;
				CLANG_WARN_INT_CONVERSION = YES;
				CLANG_WARN_NON_LITERAL_NULL_CONVERSION = YES;
				CLANG_WARN_OBJC_IMPLICIT_RETAIN_SELF = YES;
				CLANG_WARN_OBJC_LITERAL_CONVERSION = YES;
				CLANG_WARN_OBJC_ROOT_CLASS = YES_ERROR;
				CLANG_WARN_QUOTED_INCLUDE_IN_FRAMEWORK_HEADER = YES;
				CLANG_WARN_RANGE_LOOP_ANALYSIS = YES;
				CLANG_WARN_STRICT_PROTOTYPES = YES;
				CLANG_WARN_SUSPICIOUS_MOVE = YES;
				CLANG_WARN_UNGUARDED_AVAILABILITY = YES_AGGRESSIVE;
				CLANG_WARN_UNREACHABLE_CODE = YES;
				CLANG_WARN__DUPLICATE_METHOD_MATCH = YES;
				COPY_PHASE_STRIP = NO;
				DEBUG_INFORMATION_FORMAT = dwarf;
				ENABLE_STRICT_OBJC_MSGSEND = YES;
				ENABLE_TESTABILITY = YES;
				GCC_C_LANGUAGE_STANDARD = gnu11;
				GCC_DYNAMIC_NO_PIC = NO;
				GCC_NO_COMMON_BLOCKS = YES;
				GCC_OPTIMIZATION_LEVEL = 0;
				GCC_PREPROCESSOR_DEFINITIONS = (
					"DEBUG=1",
					"$(inherited)",
				);
				GCC_WARN_64_TO_32_BIT_CONVERSION = YES;
				GCC_WARN_ABOUT_RETURN_TYPE = YES_ERROR;
				GCC_WARN_UNDECLARED_SELECTOR = YES;
				GCC_WARN_UNINITIALIZED_AUTOS = YES_AGGRESSIVE;
				GCC_WARN_UNUSED_FUNCTION = YES;
				GCC_WARN_UNUSED_VARIABLE = YES;
				IPHONEOS_DEPLOYMENT_TARGET = 15.4;
				MTL_ENABLE_DEBUG_INFO = INCLUDE_SOURCE;
				MTL_FAST_MATH = YES;
				ONLY_ACTIVE_ARCH = YES;
				SDKROOT = iphoneos;
				SWIFT_ACTIVE_COMPILATION_CONDITIONS = DEBUG;
				SWIFT_OPTIMIZATION_LEVEL = "-Onone";
			};
			name = Debug;
		};
		A0E6D3EB2877A838006AB9C3 /* Release */ = {
			isa = XCBuildConfiguration;
			buildSettings = {
				ALWAYS_SEARCH_USER_PATHS = NO;
				CLANG_ANALYZER_NONNULL = YES;
				CLANG_ANALYZER_NUMBER_OBJECT_CONVERSION = YES_AGGRESSIVE;
				CLANG_CXX_LANGUAGE_STANDARD = "gnu++17";
				CLANG_ENABLE_MODULES = YES;
				CLANG_ENABLE_OBJC_ARC = YES;
				CLANG_ENABLE_OBJC_WEAK = YES;
				CLANG_WARN_BLOCK_CAPTURE_AUTORELEASING = YES;
				CLANG_WARN_BOOL_CONVERSION = YES;
				CLANG_WARN_COMMA = YES;
				CLANG_WARN_CONSTANT_CONVERSION = YES;
				CLANG_WARN_DEPRECATED_OBJC_IMPLEMENTATIONS = YES;
				CLANG_WARN_DIRECT_OBJC_ISA_USAGE = YES_ERROR;
				CLANG_WARN_DOCUMENTATION_COMMENTS = YES;
				CLANG_WARN_EMPTY_BODY = YES;
				CLANG_WARN_ENUM_CONVERSION = YES;
				CLANG_WARN_INFINITE_RECURSION = YES;
				CLANG_WARN_INT_CONVERSION = YES;
				CLANG_WARN_NON_LITERAL_NULL_CONVERSION = YES;
				CLANG_WARN_OBJC_IMPLICIT_RETAIN_SELF = YES;
				CLANG_WARN_OBJC_LITERAL_CONVERSION = YES;
				CLANG_WARN_OBJC_ROOT_CLASS = YES_ERROR;
				CLANG_WARN_QUOTED_INCLUDE_IN_FRAMEWORK_HEADER = YES;
				CLANG_WARN_RANGE_LOOP_ANALYSIS = YES;
				CLANG_WARN_STRICT_PROTOTYPES = YES;
				CLANG_WARN_SUSPICIOUS_MOVE = YES;
				CLANG_WARN_UNGUARDED_AVAILABILITY = YES_AGGRESSIVE;
				CLANG_WARN_UNREACHABLE_CODE = YES;
				CLANG_WARN__DUPLICATE_METHOD_MATCH = YES;
				COPY_PHASE_STRIP = NO;
				DEBUG_INFORMATION_FORMAT = "dwarf-with-dsym";
				ENABLE_NS_ASSERTIONS = NO;
				ENABLE_STRICT_OBJC_MSGSEND = YES;
				GCC_C_LANGUAGE_STANDARD = gnu11;
				GCC_NO_COMMON_BLOCKS = YES;
				GCC_WARN_64_TO_32_BIT_CONVERSION = YES;
				GCC_WARN_ABOUT_RETURN_TYPE = YES_ERROR;
				GCC_WARN_UNDECLARED_SELECTOR = YES;
				GCC_WARN_UNINITIALIZED_AUTOS = YES_AGGRESSIVE;
				GCC_WARN_UNUSED_FUNCTION = YES;
				GCC_WARN_UNUSED_VARIABLE = YES;
				IPHONEOS_DEPLOYMENT_TARGET = 15.4;
				MTL_ENABLE_DEBUG_INFO = NO;
				MTL_FAST_MATH = YES;
				SDKROOT = iphoneos;
				SWIFT_COMPILATION_MODE = wholemodule;
				SWIFT_OPTIMIZATION_LEVEL = "-O";
				VALIDATE_PRODUCT = YES;
			};
			name = Release;
		};
		A0E6D3ED2877A838006AB9C3 /* Debug */ = {
			isa = XCBuildConfiguration;
			baseConfigurationReference = 8AFCB435BF0D367F133A43B4 /* Pods-Dish.debug.xcconfig */;
			buildSettings = {
				ASSETCATALOG_COMPILER_APPICON_NAME = AppIcon;
				ASSETCATALOG_COMPILER_GLOBAL_ACCENT_COLOR_NAME = AccentColor;
				CODE_SIGN_STYLE = Automatic;
				CURRENT_PROJECT_VERSION = 1;
				DEVELOPMENT_TEAM = 3NL9988S3V;
				GENERATE_INFOPLIST_FILE = YES;
				INFOPLIST_FILE = Dish/Info.plist;
				INFOPLIST_KEY_NSCameraUsageDescription = "Please allow access to take a profile picture";
				INFOPLIST_KEY_NSPhotoLibraryAddUsageDescription = "Please allow access to select a photo for your profile.";
				INFOPLIST_KEY_UIApplicationSupportsIndirectInputEvents = YES;
				INFOPLIST_KEY_UILaunchStoryboardName = LaunchScreen;
				INFOPLIST_KEY_UIMainStoryboardFile = Main;
				INFOPLIST_KEY_UISupportedInterfaceOrientations_iPad = "UIInterfaceOrientationPortrait UIInterfaceOrientationPortraitUpsideDown UIInterfaceOrientationLandscapeLeft UIInterfaceOrientationLandscapeRight";
				INFOPLIST_KEY_UISupportedInterfaceOrientations_iPhone = "UIInterfaceOrientationPortrait UIInterfaceOrientationLandscapeLeft UIInterfaceOrientationLandscapeRight";
				LD_RUNPATH_SEARCH_PATHS = (
					"$(inherited)",
					"@executable_path/Frameworks",
				);
				MARKETING_VERSION = 1.0;
				PRODUCT_BUNDLE_IDENTIFIER = com.Vile.Dish;
				PRODUCT_NAME = "$(TARGET_NAME)";
				SWIFT_EMIT_LOC_STRINGS = YES;
				SWIFT_VERSION = 5.0;
				TARGETED_DEVICE_FAMILY = "1,2";
			};
			name = Debug;
		};
		A0E6D3EE2877A838006AB9C3 /* Release */ = {
			isa = XCBuildConfiguration;
			baseConfigurationReference = 09E121423DB4E35934288309 /* Pods-Dish.release.xcconfig */;
			buildSettings = {
				ASSETCATALOG_COMPILER_APPICON_NAME = AppIcon;
				ASSETCATALOG_COMPILER_GLOBAL_ACCENT_COLOR_NAME = AccentColor;
				CODE_SIGN_STYLE = Automatic;
				CURRENT_PROJECT_VERSION = 1;
				DEVELOPMENT_TEAM = 3NL9988S3V;
				GENERATE_INFOPLIST_FILE = YES;
				INFOPLIST_FILE = Dish/Info.plist;
				INFOPLIST_KEY_NSCameraUsageDescription = "Please allow access to take a profile picture";
				INFOPLIST_KEY_NSPhotoLibraryAddUsageDescription = "Please allow access to select a photo for your profile.";
				INFOPLIST_KEY_UIApplicationSupportsIndirectInputEvents = YES;
				INFOPLIST_KEY_UILaunchStoryboardName = LaunchScreen;
				INFOPLIST_KEY_UIMainStoryboardFile = Main;
				INFOPLIST_KEY_UISupportedInterfaceOrientations_iPad = "UIInterfaceOrientationPortrait UIInterfaceOrientationPortraitUpsideDown UIInterfaceOrientationLandscapeLeft UIInterfaceOrientationLandscapeRight";
				INFOPLIST_KEY_UISupportedInterfaceOrientations_iPhone = "UIInterfaceOrientationPortrait UIInterfaceOrientationLandscapeLeft UIInterfaceOrientationLandscapeRight";
				LD_RUNPATH_SEARCH_PATHS = (
					"$(inherited)",
					"@executable_path/Frameworks",
				);
				MARKETING_VERSION = 1.0;
				PRODUCT_BUNDLE_IDENTIFIER = com.Vile.Dish;
				PRODUCT_NAME = "$(TARGET_NAME)";
				SWIFT_EMIT_LOC_STRINGS = YES;
				SWIFT_VERSION = 5.0;
				TARGETED_DEVICE_FAMILY = "1,2";
			};
			name = Release;
		};
/* End XCBuildConfiguration section */

/* Begin XCConfigurationList section */
		A0E6D3D32877A836006AB9C3 /* Build configuration list for PBXProject "Dish" */ = {
			isa = XCConfigurationList;
			buildConfigurations = (
				A0E6D3EA2877A838006AB9C3 /* Debug */,
				A0E6D3EB2877A838006AB9C3 /* Release */,
			);
			defaultConfigurationIsVisible = 0;
			defaultConfigurationName = Release;
		};
		A0E6D3EC2877A838006AB9C3 /* Build configuration list for PBXNativeTarget "Dish" */ = {
			isa = XCConfigurationList;
			buildConfigurations = (
				A0E6D3ED2877A838006AB9C3 /* Debug */,
				A0E6D3EE2877A838006AB9C3 /* Release */,
			);
			defaultConfigurationIsVisible = 0;
			defaultConfigurationName = Release;
		};
/* End XCConfigurationList section */
	};
	rootObject = A0E6D3D02877A836006AB9C3 /* Project object */;
}
